
Microsoft Visual Studio Solution File, Format Version 12.00
# Visual Studio Version 16
VisualStudioVersion = 16.0.31313.79
MinimumVisualStudioVersion = 10.0.40219.1
Project("{FAE04EC0-301F-11D3-BF4B-00C04F79EFBC}") = "NStore", "NStore\NStore.csproj", "{ECDD2E2B-2086-47AA-A8D2-85909788576A}"
EndProject
Global
	GlobalSection(SolutionConfigurationPlatforms) = preSolution
		Debug|Any CPU = Debug|Any CPU
		Release|Any CPU = Release|Any CPU
	EndGlobalSection
	GlobalSection(ProjectConfigurationPlatforms) = postSolution
		{ECDD2E2B-2086-47AA-A8D2-85909788576A}.Debug|Any CPU.ActiveCfg = Debug|Any CPU
		{ECDD2E2B-2086-47AA-A8D2-85909788576A}.Debug|Any CPU.Build.0 = Debug|Any CPU
		{ECDD2E2B-2086-47AA-A8D2-85909788576A}.Release|Any CPU.ActiveCfg = Release|Any CPU
		{ECDD2E2B-2086-47AA-A8D2-85909788576A}.Release|Any CPU.Build.0 = Release|Any CPU
	EndGlobalSection
	GlobalSection(SolutionProperties) = preSolution
		HideSolutionNode = FALSE
	EndGlobalSection
	GlobalSection(ExtensibilityGlobals) = postSolution
		SolutionGuid = {AD1611F4-123C-46DE-B7F6-68D48E217D73}
	EndGlobalSection
EndGlobal
